// !$*UTF8*$!
{
	archiveVersion = 1;
	classes = {
	};
	objectVersion = 46;
	objects = {

/* Begin PBXBuildFile section */
		730FE4AA1B3AD9C50072FD36 /* libc++.dylib in Frameworks */ = {isa = PBXBuildFile; fileRef = 730FE4A91B3AD9C50072FD36 /* libc++.dylib */; };
		7355607A1B45202D00B3EE93 /* Localizable.strings in Resources */ = {isa = PBXBuildFile; fileRef = 735560791B45202D00B3EE93 /* Localizable.strings */; };
		7363B3141B42963000D833A5 /* libWeChatSDK.a in Frameworks */ = {isa = PBXBuildFile; fileRef = 7363B3131B42963000D833A5 /* libWeChatSDK.a */; };
		73BED61D1B3AA82000CA4C4D /* SystemConfiguration.framework in Frameworks */ = {isa = PBXBuildFile; fileRef = 73BED61C1B3AA82000CA4C4D /* SystemConfiguration.framework */; };
		73BED61F1B3AA82D00CA4C4D /* libz.dylib in Frameworks */ = {isa = PBXBuildFile; fileRef = 73BED61E1B3AA82D00CA4C4D /* libz.dylib */; };
		73BED6211B3AA83C00CA4C4D /* libsqlite3.0.dylib in Frameworks */ = {isa = PBXBuildFile; fileRef = 73BED6201B3AA83C00CA4C4D /* libsqlite3.0.dylib */; };
		73BED6231B3AA84600CA4C4D /* UIKit.framework in Frameworks */ = {isa = PBXBuildFile; fileRef = 73BED6221B3AA84600CA4C4D /* UIKit.framework */; };
		73BED6251B3AA84E00CA4C4D /* Foundation.framework in Frameworks */ = {isa = PBXBuildFile; fileRef = 73BED6241B3AA84E00CA4C4D /* Foundation.framework */; };
		7A00ADC21B8333650013A0B2 /* Default-568h@2x.png in Resources */ = {isa = PBXBuildFile; fileRef = 7A00ADC11B8333650013A0B2 /* Default-568h@2x.png */; };
		7A00ADC71B8353940013A0B2 /* RandomKey.m in Sources */ = {isa = PBXBuildFile; fileRef = 7A00ADC61B8353940013A0B2 /* RandomKey.m */; };
		7A0923881BA19FA00099A904 /* AlertTitleFont.m in Sources */ = {isa = PBXBuildFile; fileRef = 7A0923871BA19FA00099A904 /* AlertTitleFont.m */; };
		7A3FFB431B82E0DB0009EE71 /* ADUserInfo.m in Sources */ = {isa = PBXBuildFile; fileRef = 7A3FFB421B82E0DB0009EE71 /* ADUserInfo.m */; };
		7A58F3581B8B40BB00F3E241 /* ADGetUserInfoResp.m in Sources */ = {isa = PBXBuildFile; fileRef = 7A58F3571B8B40BB00F3E241 /* ADGetUserInfoResp.m */; };
		7A89F6731B8AC0E00007ACA7 /* ButtonColor.m in Sources */ = {isa = PBXBuildFile; fileRef = 7A89F6721B8AC0E00007ACA7 /* ButtonColor.m */; };
		7A89F6A81B8B1CAC0007ACA7 /* InputWithPickerBar.m in Sources */ = {isa = PBXBuildFile; fileRef = 7A89F6A71B8B1CAC0007ACA7 /* InputWithPickerBar.m */; };
		7A89F6AA1B8B1CBF0007ACA7 /* InputWithPickerBar.xib in Resources */ = {isa = PBXBuildFile; fileRef = 7A89F6A91B8B1CBF0007ACA7 /* InputWithPickerBar.xib */; };
		7A89F6AF1B8B206F0007ACA7 /* UserInfoHeaderView.xib in Resources */ = {isa = PBXBuildFile; fileRef = 7A89F6AE1B8B206F0007ACA7 /* UserInfoHeaderView.xib */; };
		7A89F6B21B8B20BF0007ACA7 /* UserInfoHeaderView.m in Sources */ = {isa = PBXBuildFile; fileRef = 7A89F6B11B8B20BF0007ACA7 /* UserInfoHeaderView.m */; };
		7AA163481B85A90E00E54AAC /* ADNetworkConfigManager.m in Sources */ = {isa = PBXBuildFile; fileRef = 7AA163471B85A90E00E54AAC /* ADNetworkConfigManager.m */; };
		7AA1634B1B85AAD200E54AAC /* ADNetworkConfigItem.m in Sources */ = {isa = PBXBuildFile; fileRef = 7AA1634A1B85AAD200E54AAC /* ADNetworkConfigItem.m */; };
		7AA1635C1B85D49700E54AAC /* InputWithTextFieldCell.m in Sources */ = {isa = PBXBuildFile; fileRef = 7AA1635A1B85D49700E54AAC /* InputWithTextFieldCell.m */; };
		7AA1635D1B85D49700E54AAC /* InputWithTextFieldCell.xib in Resources */ = {isa = PBXBuildFile; fileRef = 7AA1635B1B85D49700E54AAC /* InputWithTextFieldCell.xib */; };
		7AA163611B85DA9A00E54AAC /* UserInfoDisplayCell.m in Sources */ = {isa = PBXBuildFile; fileRef = 7AA1635F1B85DA9A00E54AAC /* UserInfoDisplayCell.m */; };
		7AA163621B85DA9A00E54AAC /* UserInfoDisplayCell.xib in Resources */ = {isa = PBXBuildFile; fileRef = 7AA163601B85DA9A00E54AAC /* UserInfoDisplayCell.xib */; };
		7AD6CE641B8DA1BA001EFB40 /* RegisterHeaderView.m in Sources */ = {isa = PBXBuildFile; fileRef = 7AD6CE631B8DA1BA001EFB40 /* RegisterHeaderView.m */; };
		7AD6CE661B8DA1E4001EFB40 /* RegisterHeaderView.xib in Resources */ = {isa = PBXBuildFile; fileRef = 7AD6CE651B8DA1E4001EFB40 /* RegisterHeaderView.xib */; };
		7AD826611B81FDF9008CA90C /* ADNetworkEngine.m in Sources */ = {isa = PBXBuildFile; fileRef = 7AD8262C1B81FDF9008CA90C /* ADNetworkEngine.m */; };
		7AD826621B81FDF9008CA90C /* WXApiManager.m in Sources */ = {isa = PBXBuildFile; fileRef = 7AD8262E1B81FDF9008CA90C /* WXApiManager.m */; };
		7AD826631B81FDF9008CA90C /* AppDelegate.m in Sources */ = {isa = PBXBuildFile; fileRef = 7AD826311B81FDF9008CA90C /* AppDelegate.m */; };
		7AD826651B81FDF9008CA90C /* Images.xcassets in Resources */ = {isa = PBXBuildFile; fileRef = 7AD826341B81FDF9008CA90C /* Images.xcassets */; };
		7AD826671B81FDF9008CA90C /* main.m in Sources */ = {isa = PBXBuildFile; fileRef = 7AD826361B81FDF9008CA90C /* main.m */; };
		7AD826691B81FDF9008CA90C /* EmailFormatValidate.m in Sources */ = {isa = PBXBuildFile; fileRef = 7AD8263D1B81FDF9008CA90C /* EmailFormatValidate.m */; };
		7AD8269A1B8200BD008CA90C /* ADAccessLog.m in Sources */ = {isa = PBXBuildFile; fileRef = 7AD826841B8200BD008CA90C /* ADAccessLog.m */; };
		7AD8269B1B8200BD008CA90C /* ADBaseResp.m in Sources */ = {isa = PBXBuildFile; fileRef = 7AD826861B8200BD008CA90C /* ADBaseResp.m */; };
		7AD8269D1B8200BD008CA90C /* ADAPPBindWXResp.m in Sources */ = {isa = PBXBuildFile; fileRef = 7AD8268B1B8200BD008CA90C /* ADAPPBindWXResp.m */; };
		7AD8269E1B8200BD008CA90C /* ADCheckLoginResp.m in Sources */ = {isa = PBXBuildFile; fileRef = 7AD8268D1B8200BD008CA90C /* ADCheckLoginResp.m */; };
		7AD8269F1B8200BD008CA90C /* ADConnectResp.m in Sources */ = {isa = PBXBuildFile; fileRef = 7AD8268F1B8200BD008CA90C /* ADConnectResp.m */; };
		7AD826A11B8200BD008CA90C /* ADLoginResp.m in Sources */ = {isa = PBXBuildFile; fileRef = 7AD826931B8200BD008CA90C /* ADLoginResp.m */; };
		7AD826A21B8200BD008CA90C /* ADRegisterResp.m in Sources */ = {isa = PBXBuildFile; fileRef = 7AD826951B8200BD008CA90C /* ADRegisterResp.m */; };
		7AD826A31B8200BD008CA90C /* ADWXBindAPPResp.m in Sources */ = {isa = PBXBuildFile; fileRef = 7AD826971B8200BD008CA90C /* ADWXBindAPPResp.m */; };
		7AD826A41B8200BD008CA90C /* ADWXLoginResp.m in Sources */ = {isa = PBXBuildFile; fileRef = 7AD826991B8200BD008CA90C /* ADWXLoginResp.m */; };
		7AD826AF1B820107008CA90C /* AES.m in Sources */ = {isa = PBXBuildFile; fileRef = 7AD826AA1B820107008CA90C /* AES.m */; };
		7AD826B01B820107008CA90C /* MD5.m in Sources */ = {isa = PBXBuildFile; fileRef = 7AD826AC1B820107008CA90C /* MD5.m */; };
		7AD826B11B820107008CA90C /* RSA.m in Sources */ = {isa = PBXBuildFile; fileRef = 7AD826AE1B820107008CA90C /* RSA.m */; };
		7AE8155E1BA1B7AB00B5C7C8 /* rsa_public.key in Resources */ = {isa = PBXBuildFile; fileRef = 7A00ADC31B83369B0013A0B2 /* rsa_public.key */; };
		7AE8C7541B9473560091CE4C /* ErrorHandler.m in Sources */ = {isa = PBXBuildFile; fileRef = 7AE8C74D1B9473560091CE4C /* ErrorHandler.m */; };
		7AE8C7551B9473560091CE4C /* ErrorTitle.m in Sources */ = {isa = PBXBuildFile; fileRef = 7AE8C74F1B9473560091CE4C /* ErrorTitle.m */; };
		7AE8C7561B9473560091CE4C /* ImageCache.m in Sources */ = {isa = PBXBuildFile; fileRef = 7AE8C7511B9473560091CE4C /* ImageCache.m */; };
		7AE8C7571B9473560091CE4C /* JSONRequest.m in Sources */ = {isa = PBXBuildFile; fileRef = 7AE8C7531B9473560091CE4C /* JSONRequest.m */; };
		7AE8C7611B9473950091CE4C /* ADAboutViewController.m in Sources */ = {isa = PBXBuildFile; fileRef = 7AE8C75A1B9473950091CE4C /* ADAboutViewController.m */; };
		7AE8C7621B9473950091CE4C /* ADHistoryViewController.m in Sources */ = {isa = PBXBuildFile; fileRef = 7AE8C75C1B9473950091CE4C /* ADHistoryViewController.m */; };
		7AE8C7631B9473950091CE4C /* ADShareViewController.m in Sources */ = {isa = PBXBuildFile; fileRef = 7AE8C75E1B9473950091CE4C /* ADShareViewController.m */; };
		7AE8C7641B9473950091CE4C /* ADUserInfoViewController.m in Sources */ = {isa = PBXBuildFile; fileRef = 7AE8C7601B9473950091CE4C /* ADUserInfoViewController.m */; };
		7AE8C76A1B9473C70091CE4C /* ADLoginViewController.m in Sources */ = {isa = PBXBuildFile; fileRef = 7AE8C7671B9473C70091CE4C /* ADLoginViewController.m */; };
		7AE8C76B1B9473C70091CE4C /* WXLoginViewController.m in Sources */ = {isa = PBXBuildFile; fileRef = 7AE8C7691B9473C70091CE4C /* WXLoginViewController.m */; };
		7AE8C76F1B9473D30091CE4C /* ADRegisterViewController.m in Sources */ = {isa = PBXBuildFile; fileRef = 7AE8C76E1B9473D30091CE4C /* ADRegisterViewController.m */; };
/* End PBXBuildFile section */

/* Begin PBXFileReference section */
		6E48D1AAC1987F311E45EB3E /* libPods.a */ = {isa = PBXFileReference; explicitFileType = archive.ar; includeInIndex = 0; path = libPods.a; sourceTree = BUILT_PRODUCTS_DIR; };
		730FE4A91B3AD9C50072FD36 /* libc++.dylib */ = {isa = PBXFileReference; lastKnownFileType = "compiled.mach-o.dylib"; name = "libc++.dylib"; path = "usr/lib/libc++.dylib"; sourceTree = SDKROOT; };
		735560791B45202D00B3EE93 /* Localizable.strings */ = {isa = PBXFileReference; fileEncoding = 4; lastKnownFileType = text.plist.strings; name = Localizable.strings; path = ../Localizable.strings; sourceTree = "<group>"; };
		7363B3131B42963000D833A5 /* libWeChatSDK.a */ = {isa = PBXFileReference; lastKnownFileType = archive.ar; name = libWeChatSDK.a; path = WeChatSDK/libWeChatSDK.a; sourceTree = "<group>"; };
		73BED5E71B3AA48600CA4C4D /* wechatauthdemo.app */ = {isa = PBXFileReference; explicitFileType = wrapper.application; includeInIndex = 0; path = wechatauthdemo.app; sourceTree = BUILT_PRODUCTS_DIR; };
		73BED6191B3AA77100CA4C4D /* WXApi.h */ = {isa = PBXFileReference; fileEncoding = 4; lastKnownFileType = sourcecode.c.h; name = WXApi.h; path = WeChatSDK/WXApi.h; sourceTree = "<group>"; };
		73BED61A1B3AA77100CA4C4D /* WXApiObject.h */ = {isa = PBXFileReference; fileEncoding = 4; lastKnownFileType = sourcecode.c.h; name = WXApiObject.h; path = WeChatSDK/WXApiObject.h; sourceTree = "<group>"; };
		73BED61C1B3AA82000CA4C4D /* SystemConfiguration.framework */ = {isa = PBXFileReference; lastKnownFileType = wrapper.framework; name = SystemConfiguration.framework; path = System/Library/Frameworks/SystemConfiguration.framework; sourceTree = SDKROOT; };
		73BED61E1B3AA82D00CA4C4D /* libz.dylib */ = {isa = PBXFileReference; lastKnownFileType = "compiled.mach-o.dylib"; name = libz.dylib; path = usr/lib/libz.dylib; sourceTree = SDKROOT; };
		73BED6201B3AA83C00CA4C4D /* libsqlite3.0.dylib */ = {isa = PBXFileReference; lastKnownFileType = "compiled.mach-o.dylib"; name = libsqlite3.0.dylib; path = usr/lib/libsqlite3.0.dylib; sourceTree = SDKROOT; };
		73BED6221B3AA84600CA4C4D /* UIKit.framework */ = {isa = PBXFileReference; lastKnownFileType = wrapper.framework; name = UIKit.framework; path = System/Library/Frameworks/UIKit.framework; sourceTree = SDKROOT; };
		73BED6241B3AA84E00CA4C4D /* Foundation.framework */ = {isa = PBXFileReference; lastKnownFileType = wrapper.framework; name = Foundation.framework; path = System/Library/Frameworks/Foundation.framework; sourceTree = SDKROOT; };
		7A00ADC11B8333650013A0B2 /* Default-568h@2x.png */ = {isa = PBXFileReference; lastKnownFileType = image.png; name = "Default-568h@2x.png"; path = "../Default-568h@2x.png"; sourceTree = "<group>"; };
		7A00ADC31B83369B0013A0B2 /* rsa_public.key */ = {isa = PBXFileReference; fileEncoding = 4; lastKnownFileType = text; path = rsa_public.key; sourceTree = "<group>"; };
		7A00ADC51B8353940013A0B2 /* RandomKey.h */ = {isa = PBXFileReference; fileEncoding = 4; lastKnownFileType = sourcecode.c.h; path = RandomKey.h; sourceTree = "<group>"; };
		7A00ADC61B8353940013A0B2 /* RandomKey.m */ = {isa = PBXFileReference; fileEncoding = 4; lastKnownFileType = sourcecode.c.objc; path = RandomKey.m; sourceTree = "<group>"; };
		7A0923861BA19FA00099A904 /* AlertTitleFont.h */ = {isa = PBXFileReference; fileEncoding = 4; lastKnownFileType = sourcecode.c.h; path = AlertTitleFont.h; sourceTree = "<group>"; };
		7A0923871BA19FA00099A904 /* AlertTitleFont.m */ = {isa = PBXFileReference; fileEncoding = 4; lastKnownFileType = sourcecode.c.objc; path = AlertTitleFont.m; sourceTree = "<group>"; };
		7A3FFB3A1B82DE7B0009EE71 /* Store.json */ = {isa = PBXFileReference; fileEncoding = 4; lastKnownFileType = text.json; path = Store.json; sourceTree = "<group>"; };
		7A3FFB3F1B82DFA30009EE71 /* LogicSvr.json */ = {isa = PBXFileReference; fileEncoding = 4; lastKnownFileType = text.json; path = LogicSvr.json; sourceTree = "<group>"; };
		7A3FFB411B82E0DB0009EE71 /* ADUserInfo.h */ = {isa = PBXFileReference; fileEncoding = 4; lastKnownFileType = sourcecode.c.h; path = ADUserInfo.h; sourceTree = "<group>"; };
		7A3FFB421B82E0DB0009EE71 /* ADUserInfo.m */ = {isa = PBXFileReference; fileEncoding = 4; lastKnownFileType = sourcecode.c.objc; path = ADUserInfo.m; sourceTree = "<group>"; };
		7A58F3561B8B40BB00F3E241 /* ADGetUserInfoResp.h */ = {isa = PBXFileReference; fileEncoding = 4; lastKnownFileType = sourcecode.c.h; path = ADGetUserInfoResp.h; sourceTree = "<group>"; };
		7A58F3571B8B40BB00F3E241 /* ADGetUserInfoResp.m */ = {isa = PBXFileReference; fileEncoding = 4; lastKnownFileType = sourcecode.c.objc; path = ADGetUserInfoResp.m; sourceTree = "<group>"; };
		7A89F6711B8AC0E00007ACA7 /* ButtonColor.h */ = {isa = PBXFileReference; fileEncoding = 4; lastKnownFileType = sourcecode.c.h; path = ButtonColor.h; sourceTree = "<group>"; };
		7A89F6721B8AC0E00007ACA7 /* ButtonColor.m */ = {isa = PBXFileReference; fileEncoding = 4; lastKnownFileType = sourcecode.c.objc; path = ButtonColor.m; sourceTree = "<group>"; };
		7A89F6A61B8B1CAC0007ACA7 /* InputWithPickerBar.h */ = {isa = PBXFileReference; fileEncoding = 4; lastKnownFileType = sourcecode.c.h; path = InputWithPickerBar.h; sourceTree = "<group>"; };
		7A89F6A71B8B1CAC0007ACA7 /* InputWithPickerBar.m */ = {isa = PBXFileReference; fileEncoding = 4; lastKnownFileType = sourcecode.c.objc; path = InputWithPickerBar.m; sourceTree = "<group>"; };
		7A89F6A91B8B1CBF0007ACA7 /* InputWithPickerBar.xib */ = {isa = PBXFileReference; fileEncoding = 4; lastKnownFileType = file.xib; path = InputWithPickerBar.xib; sourceTree = "<group>"; };
		7A89F6AE1B8B206F0007ACA7 /* UserInfoHeaderView.xib */ = {isa = PBXFileReference; fileEncoding = 4; lastKnownFileType = file.xib; path = UserInfoHeaderView.xib; sourceTree = "<group>"; };
		7A89F6B01B8B20BF0007ACA7 /* UserInfoHeaderView.h */ = {isa = PBXFileReference; fileEncoding = 4; lastKnownFileType = sourcecode.c.h; path = UserInfoHeaderView.h; sourceTree = "<group>"; };
		7A89F6B11B8B20BF0007ACA7 /* UserInfoHeaderView.m */ = {isa = PBXFileReference; fileEncoding = 4; lastKnownFileType = sourcecode.c.objc; path = UserInfoHeaderView.m; sourceTree = "<group>"; };
		7AA163461B85A90E00E54AAC /* ADNetworkConfigManager.h */ = {isa = PBXFileReference; fileEncoding = 4; lastKnownFileType = sourcecode.c.h; path = ADNetworkConfigManager.h; sourceTree = "<group>"; };
		7AA163471B85A90E00E54AAC /* ADNetworkConfigManager.m */ = {isa = PBXFileReference; fileEncoding = 4; lastKnownFileType = sourcecode.c.objc; path = ADNetworkConfigManager.m; sourceTree = "<group>"; };
		7AA163491B85AAD200E54AAC /* ADNetworkConfigItem.h */ = {isa = PBXFileReference; fileEncoding = 4; lastKnownFileType = sourcecode.c.h; path = ADNetworkConfigItem.h; sourceTree = "<group>"; };
		7AA1634A1B85AAD200E54AAC /* ADNetworkConfigItem.m */ = {isa = PBXFileReference; fileEncoding = 4; lastKnownFileType = sourcecode.c.objc; path = ADNetworkConfigItem.m; sourceTree = "<group>"; };
		7AA163591B85D49700E54AAC /* InputWithTextFieldCell.h */ = {isa = PBXFileReference; fileEncoding = 4; lastKnownFileType = sourcecode.c.h; path = InputWithTextFieldCell.h; sourceTree = "<group>"; };
		7AA1635A1B85D49700E54AAC /* InputWithTextFieldCell.m */ = {isa = PBXFileReference; fileEncoding = 4; lastKnownFileType = sourcecode.c.objc; path = InputWithTextFieldCell.m; sourceTree = "<group>"; };
		7AA1635B1B85D49700E54AAC /* InputWithTextFieldCell.xib */ = {isa = PBXFileReference; fileEncoding = 4; lastKnownFileType = file.xib; path = InputWithTextFieldCell.xib; sourceTree = "<group>"; };
		7AA1635E1B85DA9A00E54AAC /* UserInfoDisplayCell.h */ = {isa = PBXFileReference; fileEncoding = 4; lastKnownFileType = sourcecode.c.h; path = UserInfoDisplayCell.h; sourceTree = "<group>"; };
		7AA1635F1B85DA9A00E54AAC /* UserInfoDisplayCell.m */ = {isa = PBXFileReference; fileEncoding = 4; lastKnownFileType = sourcecode.c.objc; path = UserInfoDisplayCell.m; sourceTree = "<group>"; };
		7AA163601B85DA9A00E54AAC /* UserInfoDisplayCell.xib */ = {isa = PBXFileReference; fileEncoding = 4; lastKnownFileType = file.xib; path = UserInfoDisplayCell.xib; sourceTree = "<group>"; };
		7AD6CE621B8DA1BA001EFB40 /* RegisterHeaderView.h */ = {isa = PBXFileReference; fileEncoding = 4; lastKnownFileType = sourcecode.c.h; path = RegisterHeaderView.h; sourceTree = "<group>"; };
		7AD6CE631B8DA1BA001EFB40 /* RegisterHeaderView.m */ = {isa = PBXFileReference; fileEncoding = 4; lastKnownFileType = sourcecode.c.objc; path = RegisterHeaderView.m; sourceTree = "<group>"; };
		7AD6CE651B8DA1E4001EFB40 /* RegisterHeaderView.xib */ = {isa = PBXFileReference; fileEncoding = 4; lastKnownFileType = file.xib; path = RegisterHeaderView.xib; sourceTree = "<group>"; };
		7AD8262B1B81FDF9008CA90C /* ADNetworkEngine.h */ = {isa = PBXFileReference; fileEncoding = 4; lastKnownFileType = sourcecode.c.h; path = ADNetworkEngine.h; sourceTree = "<group>"; };
		7AD8262C1B81FDF9008CA90C /* ADNetworkEngine.m */ = {isa = PBXFileReference; fileEncoding = 4; lastKnownFileType = sourcecode.c.objc; path = ADNetworkEngine.m; sourceTree = "<group>"; };
		7AD8262D1B81FDF9008CA90C /* WXApiManager.h */ = {isa = PBXFileReference; fileEncoding = 4; lastKnownFileType = sourcecode.c.h; path = WXApiManager.h; sourceTree = "<group>"; };
		7AD8262E1B81FDF9008CA90C /* WXApiManager.m */ = {isa = PBXFileReference; fileEncoding = 4; lastKnownFileType = sourcecode.c.objc; path = WXApiManager.m; sourceTree = "<group>"; };
		7AD826301B81FDF9008CA90C /* AppDelegate.h */ = {isa = PBXFileReference; fileEncoding = 4; lastKnownFileType = sourcecode.c.h; path = AppDelegate.h; sourceTree = "<group>"; };
		7AD826311B81FDF9008CA90C /* AppDelegate.m */ = {isa = PBXFileReference; fileEncoding = 4; lastKnownFileType = sourcecode.c.objc; path = AppDelegate.m; sourceTree = "<group>"; };
		7AD826341B81FDF9008CA90C /* Images.xcassets */ = {isa = PBXFileReference; lastKnownFileType = folder.assetcatalog; path = Images.xcassets; sourceTree = "<group>"; };
		7AD826351B81FDF9008CA90C /* Info.plist */ = {isa = PBXFileReference; fileEncoding = 4; lastKnownFileType = text.plist.xml; path = Info.plist; sourceTree = "<group>"; };
		7AD826361B81FDF9008CA90C /* main.m */ = {isa = PBXFileReference; fileEncoding = 4; lastKnownFileType = sourcecode.c.objc; path = main.m; sourceTree = "<group>"; };
		7AD8263C1B81FDF9008CA90C /* EmailFormatValidate.h */ = {isa = PBXFileReference; fileEncoding = 4; lastKnownFileType = sourcecode.c.h; path = EmailFormatValidate.h; sourceTree = "<group>"; };
		7AD8263D1B81FDF9008CA90C /* EmailFormatValidate.m */ = {isa = PBXFileReference; fileEncoding = 4; lastKnownFileType = sourcecode.c.objc; path = EmailFormatValidate.m; sourceTree = "<group>"; };
		7AD826831B8200BD008CA90C /* ADAccessLog.h */ = {isa = PBXFileReference; fileEncoding = 4; lastKnownFileType = sourcecode.c.h; path = ADAccessLog.h; sourceTree = "<group>"; };
		7AD826841B8200BD008CA90C /* ADAccessLog.m */ = {isa = PBXFileReference; fileEncoding = 4; lastKnownFileType = sourcecode.c.objc; path = ADAccessLog.m; sourceTree = "<group>"; };
		7AD826851B8200BD008CA90C /* ADBaseResp.h */ = {isa = PBXFileReference; fileEncoding = 4; lastKnownFileType = sourcecode.c.h; path = ADBaseResp.h; sourceTree = "<group>"; };
		7AD826861B8200BD008CA90C /* ADBaseResp.m */ = {isa = PBXFileReference; fileEncoding = 4; lastKnownFileType = sourcecode.c.objc; path = ADBaseResp.m; sourceTree = "<group>"; };
		7AD826871B8200BD008CA90C /* Common.json */ = {isa = PBXFileReference; fileEncoding = 4; lastKnownFileType = text.json; path = Common.json; sourceTree = "<group>"; };
		7AD826881B8200BD008CA90C /* DataModels.h */ = {isa = PBXFileReference; fileEncoding = 4; lastKnownFileType = sourcecode.c.h; path = DataModels.h; sourceTree = "<group>"; };
		7AD8268A1B8200BD008CA90C /* ADAPPBindWXResp.h */ = {isa = PBXFileReference; fileEncoding = 4; lastKnownFileType = sourcecode.c.h; path = ADAPPBindWXResp.h; sourceTree = "<group>"; };
		7AD8268B1B8200BD008CA90C /* ADAPPBindWXResp.m */ = {isa = PBXFileReference; fileEncoding = 4; lastKnownFileType = sourcecode.c.objc; path = ADAPPBindWXResp.m; sourceTree = "<group>"; };
		7AD8268C1B8200BD008CA90C /* ADCheckLoginResp.h */ = {isa = PBXFileReference; fileEncoding = 4; lastKnownFileType = sourcecode.c.h; path = ADCheckLoginResp.h; sourceTree = "<group>"; };
		7AD8268D1B8200BD008CA90C /* ADCheckLoginResp.m */ = {isa = PBXFileReference; fileEncoding = 4; lastKnownFileType = sourcecode.c.objc; path = ADCheckLoginResp.m; sourceTree = "<group>"; };
		7AD8268E1B8200BD008CA90C /* ADConnectResp.h */ = {isa = PBXFileReference; fileEncoding = 4; lastKnownFileType = sourcecode.c.h; path = ADConnectResp.h; sourceTree = "<group>"; };
		7AD8268F1B8200BD008CA90C /* ADConnectResp.m */ = {isa = PBXFileReference; fileEncoding = 4; lastKnownFileType = sourcecode.c.objc; path = ADConnectResp.m; sourceTree = "<group>"; };
		7AD826921B8200BD008CA90C /* ADLoginResp.h */ = {isa = PBXFileReference; fileEncoding = 4; lastKnownFileType = sourcecode.c.h; path = ADLoginResp.h; sourceTree = "<group>"; };
		7AD826931B8200BD008CA90C /* ADLoginResp.m */ = {isa = PBXFileReference; fileEncoding = 4; lastKnownFileType = sourcecode.c.objc; path = ADLoginResp.m; sourceTree = "<group>"; };
		7AD826941B8200BD008CA90C /* ADRegisterResp.h */ = {isa = PBXFileReference; fileEncoding = 4; lastKnownFileType = sourcecode.c.h; path = ADRegisterResp.h; sourceTree = "<group>"; };
		7AD826951B8200BD008CA90C /* ADRegisterResp.m */ = {isa = PBXFileReference; fileEncoding = 4; lastKnownFileType = sourcecode.c.objc; path = ADRegisterResp.m; sourceTree = "<group>"; };
		7AD826961B8200BD008CA90C /* ADWXBindAPPResp.h */ = {isa = PBXFileReference; fileEncoding = 4; lastKnownFileType = sourcecode.c.h; path = ADWXBindAPPResp.h; sourceTree = "<group>"; };
		7AD826971B8200BD008CA90C /* ADWXBindAPPResp.m */ = {isa = PBXFileReference; fileEncoding = 4; lastKnownFileType = sourcecode.c.objc; path = ADWXBindAPPResp.m; sourceTree = "<group>"; };
		7AD826981B8200BD008CA90C /* ADWXLoginResp.h */ = {isa = PBXFileReference; fileEncoding = 4; lastKnownFileType = sourcecode.c.h; path = ADWXLoginResp.h; sourceTree = "<group>"; };
		7AD826991B8200BD008CA90C /* ADWXLoginResp.m */ = {isa = PBXFileReference; fileEncoding = 4; lastKnownFileType = sourcecode.c.objc; path = ADWXLoginResp.m; sourceTree = "<group>"; };
		7AD826A61B820103008CA90C /* Constant.h */ = {isa = PBXFileReference; fileEncoding = 4; lastKnownFileType = sourcecode.c.h; path = Constant.h; sourceTree = "<group>"; };
		7AD826A71B820103008CA90C /* Definition.h */ = {isa = PBXFileReference; fileEncoding = 4; lastKnownFileType = sourcecode.c.h; path = Definition.h; sourceTree = "<group>"; };
		7AD826A91B820107008CA90C /* AES.h */ = {isa = PBXFileReference; fileEncoding = 4; lastKnownFileType = sourcecode.c.h; path = AES.h; sourceTree = "<group>"; };
		7AD826AA1B820107008CA90C /* AES.m */ = {isa = PBXFileReference; fileEncoding = 4; lastKnownFileType = sourcecode.c.objc; path = AES.m; sourceTree = "<group>"; };
		7AD826AB1B820107008CA90C /* MD5.h */ = {isa = PBXFileReference; fileEncoding = 4; lastKnownFileType = sourcecode.c.h; path = MD5.h; sourceTree = "<group>"; };
		7AD826AC1B820107008CA90C /* MD5.m */ = {isa = PBXFileReference; fileEncoding = 4; lastKnownFileType = sourcecode.c.objc; path = MD5.m; sourceTree = "<group>"; };
		7AD826AD1B820107008CA90C /* RSA.h */ = {isa = PBXFileReference; fileEncoding = 4; lastKnownFileType = sourcecode.c.h; path = RSA.h; sourceTree = "<group>"; };
		7AD826AE1B820107008CA90C /* RSA.m */ = {isa = PBXFileReference; fileEncoding = 4; lastKnownFileType = sourcecode.c.objc; path = RSA.m; sourceTree = "<group>"; };
		7AE8C74C1B9473560091CE4C /* ErrorHandler.h */ = {isa = PBXFileReference; fileEncoding = 4; lastKnownFileType = sourcecode.c.h; path = ErrorHandler.h; sourceTree = "<group>"; };
		7AE8C74D1B9473560091CE4C /* ErrorHandler.m */ = {isa = PBXFileReference; fileEncoding = 4; lastKnownFileType = sourcecode.c.objc; path = ErrorHandler.m; sourceTree = "<group>"; };
		7AE8C74E1B9473560091CE4C /* ErrorTitle.h */ = {isa = PBXFileReference; fileEncoding = 4; lastKnownFileType = sourcecode.c.h; path = ErrorTitle.h; sourceTree = "<group>"; };
		7AE8C74F1B9473560091CE4C /* ErrorTitle.m */ = {isa = PBXFileReference; fileEncoding = 4; lastKnownFileType = sourcecode.c.objc; path = ErrorTitle.m; sourceTree = "<group>"; };
		7AE8C7501B9473560091CE4C /* ImageCache.h */ = {isa = PBXFileReference; fileEncoding = 4; lastKnownFileType = sourcecode.c.h; path = ImageCache.h; sourceTree = "<group>"; };
		7AE8C7511B9473560091CE4C /* ImageCache.m */ = {isa = PBXFileReference; fileEncoding = 4; lastKnownFileType = sourcecode.c.objc; path = ImageCache.m; sourceTree = "<group>"; };
		7AE8C7521B9473560091CE4C /* JSONRequest.h */ = {isa = PBXFileReference; fileEncoding = 4; lastKnownFileType = sourcecode.c.h; path = JSONRequest.h; sourceTree = "<group>"; };
		7AE8C7531B9473560091CE4C /* JSONRequest.m */ = {isa = PBXFileReference; fileEncoding = 4; lastKnownFileType = sourcecode.c.objc; path = JSONRequest.m; sourceTree = "<group>"; };
		7AE8C7591B9473950091CE4C /* ADAboutViewController.h */ = {isa = PBXFileReference; fileEncoding = 4; lastKnownFileType = sourcecode.c.h; path = ADAboutViewController.h; sourceTree = "<group>"; };
		7AE8C75A1B9473950091CE4C /* ADAboutViewController.m */ = {isa = PBXFileReference; fileEncoding = 4; lastKnownFileType = sourcecode.c.objc; path = ADAboutViewController.m; sourceTree = "<group>"; };
		7AE8C75B1B9473950091CE4C /* ADHistoryViewController.h */ = {isa = PBXFileReference; fileEncoding = 4; lastKnownFileType = sourcecode.c.h; path = ADHistoryViewController.h; sourceTree = "<group>"; };
		7AE8C75C1B9473950091CE4C /* ADHistoryViewController.m */ = {isa = PBXFileReference; fileEncoding = 4; lastKnownFileType = sourcecode.c.objc; path = ADHistoryViewController.m; sourceTree = "<group>"; };
		7AE8C75D1B9473950091CE4C /* ADShareViewController.h */ = {isa = PBXFileReference; fileEncoding = 4; lastKnownFileType = sourcecode.c.h; path = ADShareViewController.h; sourceTree = "<group>"; };
		7AE8C75E1B9473950091CE4C /* ADShareViewController.m */ = {isa = PBXFileReference; fileEncoding = 4; lastKnownFileType = sourcecode.c.objc; path = ADShareViewController.m; sourceTree = "<group>"; };
		7AE8C75F1B9473950091CE4C /* ADUserInfoViewController.h */ = {isa = PBXFileReference; fileEncoding = 4; lastKnownFileType = sourcecode.c.h; path = ADUserInfoViewController.h; sourceTree = "<group>"; };
		7AE8C7601B9473950091CE4C /* ADUserInfoViewController.m */ = {isa = PBXFileReference; fileEncoding = 4; lastKnownFileType = sourcecode.c.objc; path = ADUserInfoViewController.m; sourceTree = "<group>"; };
		7AE8C7661B9473C70091CE4C /* ADLoginViewController.h */ = {isa = PBXFileReference; fileEncoding = 4; lastKnownFileType = sourcecode.c.h; path = ADLoginViewController.h; sourceTree = "<group>"; };
		7AE8C7671B9473C70091CE4C /* ADLoginViewController.m */ = {isa = PBXFileReference; fileEncoding = 4; lastKnownFileType = sourcecode.c.objc; path = ADLoginViewController.m; sourceTree = "<group>"; };
		7AE8C7681B9473C70091CE4C /* WXLoginViewController.h */ = {isa = PBXFileReference; fileEncoding = 4; lastKnownFileType = sourcecode.c.h; path = WXLoginViewController.h; sourceTree = "<group>"; };
		7AE8C7691B9473C70091CE4C /* WXLoginViewController.m */ = {isa = PBXFileReference; fileEncoding = 4; lastKnownFileType = sourcecode.c.objc; path = WXLoginViewController.m; sourceTree = "<group>"; };
		7AE8C76D1B9473D30091CE4C /* ADRegisterViewController.h */ = {isa = PBXFileReference; fileEncoding = 4; lastKnownFileType = sourcecode.c.h; path = ADRegisterViewController.h; sourceTree = "<group>"; };
		7AE8C76E1B9473D30091CE4C /* ADRegisterViewController.m */ = {isa = PBXFileReference; fileEncoding = 4; lastKnownFileType = sourcecode.c.objc; path = ADRegisterViewController.m; sourceTree = "<group>"; };
/* End PBXFileReference section */

/* Begin PBXFrameworksBuildPhase section */
		73BED5E41B3AA48600CA4C4D /* Frameworks */ = {
			isa = PBXFrameworksBuildPhase;
			buildActionMask = 2147483647;
			files = (
				7363B3141B42963000D833A5 /* libWeChatSDK.a in Frameworks */,
				730FE4AA1B3AD9C50072FD36 /* libc++.dylib in Frameworks */,
				73BED6251B3AA84E00CA4C4D /* Foundation.framework in Frameworks */,
				73BED6231B3AA84600CA4C4D /* UIKit.framework in Frameworks */,
				73BED6211B3AA83C00CA4C4D /* libsqlite3.0.dylib in Frameworks */,
				73BED61F1B3AA82D00CA4C4D /* libz.dylib in Frameworks */,
				73BED61D1B3AA82000CA4C4D /* SystemConfiguration.framework in Frameworks */,
			);
			runOnlyForDeploymentPostprocessing = 0;
		};
/* End PBXFrameworksBuildPhase section */

/* Begin PBXGroup section */
		73BED5DE1B3AA48600CA4C4D = {
			isa = PBXGroup;
			children = (
				7AD6CE6A1B8DCFE7001EFB40 /* App */,
				7AD826371B81FDF9008CA90C /* Util */,
				7AD826461B81FDF9008CA90C /* View */,
				7AD826471B81FDF9008CA90C /* ViewController */,
				7AD8262A1B81FDF9008CA90C /* Service */,
				7AD826131B81FDF9008CA90C /* Model */,
				7AD8262F1B81FDF9008CA90C /* Supporting Files */,
				73BED6111B3AA59D00CA4C4D /* Frameworks */,
				73BED6101B3AA56700CA4C4D /* WeChatSDK */,
				73BED5E81B3AA48600CA4C4D /* Products */,
			);
			sourceTree = "<group>";
		};
		73BED5E81B3AA48600CA4C4D /* Products */ = {
			isa = PBXGroup;
			children = (
				73BED5E71B3AA48600CA4C4D /* wechatauthdemo.app */,
			);
			name = Products;
			sourceTree = "<group>";
		};
		73BED6101B3AA56700CA4C4D /* WeChatSDK */ = {
			isa = PBXGroup;
			children = (
				7363B3131B42963000D833A5 /* libWeChatSDK.a */,
				73BED6191B3AA77100CA4C4D /* WXApi.h */,
				73BED61A1B3AA77100CA4C4D /* WXApiObject.h */,
			);
			name = WeChatSDK;
			sourceTree = "<group>";
		};
		73BED6111B3AA59D00CA4C4D /* Frameworks */ = {
			isa = PBXGroup;
			children = (
				730FE4A91B3AD9C50072FD36 /* libc++.dylib */,
				73BED6241B3AA84E00CA4C4D /* Foundation.framework */,
				73BED6221B3AA84600CA4C4D /* UIKit.framework */,
				73BED6201B3AA83C00CA4C4D /* libsqlite3.0.dylib */,
				73BED61E1B3AA82D00CA4C4D /* libz.dylib */,
				73BED61C1B3AA82000CA4C4D /* SystemConfiguration.framework */,
				6E48D1AAC1987F311E45EB3E /* libPods.a */,
			);
			name = Frameworks;
			sourceTree = "<group>";
		};
		7AD6CE6A1B8DCFE7001EFB40 /* App */ = {
			isa = PBXGroup;
			children = (
				7AD826301B81FDF9008CA90C /* AppDelegate.h */,
				7AD826311B81FDF9008CA90C /* AppDelegate.m */,
			);
			name = App;
			path = "Supporting Files";
			sourceTree = "<group>";
		};
		7AD826131B81FDF9008CA90C /* Model */ = {
			isa = PBXGroup;
			children = (
				7AD826E51B821C35008CA90C /* Store */,
				7AD826821B8200BD008CA90C /* Common */,
				7AD826891B8200BD008CA90C /* LogicSvr */,
			);
			path = Model;
			sourceTree = "<group>";
		};
		7AD8262A1B81FDF9008CA90C /* Service */ = {
			isa = PBXGroup;
			children = (
				7AD8262B1B81FDF9008CA90C /* ADNetworkEngine.h */,
				7AD8262C1B81FDF9008CA90C /* ADNetworkEngine.m */,
				7AD8262D1B81FDF9008CA90C /* WXApiManager.h */,
				7AD8262E1B81FDF9008CA90C /* WXApiManager.m */,
				7AA163461B85A90E00E54AAC /* ADNetworkConfigManager.h */,
				7AA163471B85A90E00E54AAC /* ADNetworkConfigManager.m */,
			);
			path = Service;
			sourceTree = "<group>";
		};
		7AD8262F1B81FDF9008CA90C /* Supporting Files */ = {
			isa = PBXGroup;
			children = (
				7A00ADC11B8333650013A0B2 /* Default-568h@2x.png */,
				735560791B45202D00B3EE93 /* Localizable.strings */,
				7AD826341B81FDF9008CA90C /* Images.xcassets */,
				7AD826351B81FDF9008CA90C /* Info.plist */,
				7AD826361B81FDF9008CA90C /* main.m */,
				7A00ADC31B83369B0013A0B2 /* rsa_public.key */,
			);
			path = "Supporting Files";
			sourceTree = "<group>";
		};
		7AD826371B81FDF9008CA90C /* Util */ = {
			isa = PBXGroup;
			children = (
				7AD826A51B820103008CA90C /* Definition */,
				7AD826A81B820107008CA90C /* Encrypt */,
				7AE8C74B1B9473560091CE4C /* NetworkHandler */,
				7AD8263C1B81FDF9008CA90C /* EmailFormatValidate.h */,
				7AD8263D1B81FDF9008CA90C /* EmailFormatValidate.m */,
				7A89F6711B8AC0E00007ACA7 /* ButtonColor.h */,
				7A89F6721B8AC0E00007ACA7 /* ButtonColor.m */,
				7A0923861BA19FA00099A904 /* AlertTitleFont.h */,
				7A0923871BA19FA00099A904 /* AlertTitleFont.m */,
			);
			path = Util;
			sourceTree = "<group>";
		};
		7AD826461B81FDF9008CA90C /* View */ = {
			isa = PBXGroup;
			children = (
				7AA163591B85D49700E54AAC /* InputWithTextFieldCell.h */,
				7AA1635A1B85D49700E54AAC /* InputWithTextFieldCell.m */,
				7AA1635B1B85D49700E54AAC /* InputWithTextFieldCell.xib */,
				7A89F6A61B8B1CAC0007ACA7 /* InputWithPickerBar.h */,
				7A89F6A71B8B1CAC0007ACA7 /* InputWithPickerBar.m */,
				7A89F6A91B8B1CBF0007ACA7 /* InputWithPickerBar.xib */,
				7AA1635E1B85DA9A00E54AAC /* UserInfoDisplayCell.h */,
				7AA1635F1B85DA9A00E54AAC /* UserInfoDisplayCell.m */,
				7AA163601B85DA9A00E54AAC /* UserInfoDisplayCell.xib */,
				7A89F6B01B8B20BF0007ACA7 /* UserInfoHeaderView.h */,
				7A89F6B11B8B20BF0007ACA7 /* UserInfoHeaderView.m */,
				7A89F6AE1B8B206F0007ACA7 /* UserInfoHeaderView.xib */,
				7AD6CE621B8DA1BA001EFB40 /* RegisterHeaderView.h */,
				7AD6CE631B8DA1BA001EFB40 /* RegisterHeaderView.m */,
				7AD6CE651B8DA1E4001EFB40 /* RegisterHeaderView.xib */,
			);
			path = View;
			sourceTree = "<group>";
		};
		7AD826471B81FDF9008CA90C /* ViewController */ = {
			isa = PBXGroup;
			children = (
				7AE8C7651B9473C70091CE4C /* Login */,
				7AE8C76C1B9473D30091CE4C /* Register */,
				7AE8C7581B9473950091CE4C /* User */,
			);
			path = ViewController;
			sourceTree = "<group>";
		};
		7AD826821B8200BD008CA90C /* Common */ = {
			isa = PBXGroup;
			children = (
				7AD826871B8200BD008CA90C /* Common.json */,
				7AD826831B8200BD008CA90C /* ADAccessLog.h */,
				7AD826841B8200BD008CA90C /* ADAccessLog.m */,
				7AD826851B8200BD008CA90C /* ADBaseResp.h */,
				7AD826861B8200BD008CA90C /* ADBaseResp.m */,
				7AA163491B85AAD200E54AAC /* ADNetworkConfigItem.h */,
				7AA1634A1B85AAD200E54AAC /* ADNetworkConfigItem.m */,
				7AD826881B8200BD008CA90C /* DataModels.h */,
			);
			path = Common;
			sourceTree = "<group>";
		};
		7AD826891B8200BD008CA90C /* LogicSvr */ = {
			isa = PBXGroup;
			children = (
				7A3FFB3F1B82DFA30009EE71 /* LogicSvr.json */,
				7A58F3561B8B40BB00F3E241 /* ADGetUserInfoResp.h */,
				7A58F3571B8B40BB00F3E241 /* ADGetUserInfoResp.m */,
				7AD8268A1B8200BD008CA90C /* ADAPPBindWXResp.h */,
				7AD8268B1B8200BD008CA90C /* ADAPPBindWXResp.m */,
				7AD8268C1B8200BD008CA90C /* ADCheckLoginResp.h */,
				7AD8268D1B8200BD008CA90C /* ADCheckLoginResp.m */,
				7AD8268E1B8200BD008CA90C /* ADConnectResp.h */,
				7AD8268F1B8200BD008CA90C /* ADConnectResp.m */,
				7AD826921B8200BD008CA90C /* ADLoginResp.h */,
				7AD826931B8200BD008CA90C /* ADLoginResp.m */,
				7AD826941B8200BD008CA90C /* ADRegisterResp.h */,
				7AD826951B8200BD008CA90C /* ADRegisterResp.m */,
				7AD826961B8200BD008CA90C /* ADWXBindAPPResp.h */,
				7AD826971B8200BD008CA90C /* ADWXBindAPPResp.m */,
				7AD826981B8200BD008CA90C /* ADWXLoginResp.h */,
				7AD826991B8200BD008CA90C /* ADWXLoginResp.m */,
			);
			path = LogicSvr;
			sourceTree = "<group>";
		};
		7AD826A51B820103008CA90C /* Definition */ = {
			isa = PBXGroup;
			children = (
				7AD826A61B820103008CA90C /* Constant.h */,
				7AD826A71B820103008CA90C /* Definition.h */,
			);
			path = Definition;
			sourceTree = "<group>";
		};
		7AD826A81B820107008CA90C /* Encrypt */ = {
			isa = PBXGroup;
			children = (
				7A00ADC51B8353940013A0B2 /* RandomKey.h */,
				7A00ADC61B8353940013A0B2 /* RandomKey.m */,
				7AD826A91B820107008CA90C /* AES.h */,
				7AD826AA1B820107008CA90C /* AES.m */,
				7AD826AB1B820107008CA90C /* MD5.h */,
				7AD826AC1B820107008CA90C /* MD5.m */,
				7AD826AD1B820107008CA90C /* RSA.h */,
				7AD826AE1B820107008CA90C /* RSA.m */,
			);
			path = Encrypt;
			sourceTree = "<group>";
		};
		7AD826E51B821C35008CA90C /* Store */ = {
			isa = PBXGroup;
			children = (
				7A3FFB3A1B82DE7B0009EE71 /* Store.json */,
				7A3FFB411B82E0DB0009EE71 /* ADUserInfo.h */,
				7A3FFB421B82E0DB0009EE71 /* ADUserInfo.m */,
			);
			path = Store;
			sourceTree = "<group>";
		};
		7AE8C74B1B9473560091CE4C /* NetworkHandler */ = {
			isa = PBXGroup;
			children = (
				7AE8C74C1B9473560091CE4C /* ErrorHandler.h */,
				7AE8C74D1B9473560091CE4C /* ErrorHandler.m */,
				7AE8C74E1B9473560091CE4C /* ErrorTitle.h */,
				7AE8C74F1B9473560091CE4C /* ErrorTitle.m */,
				7AE8C7501B9473560091CE4C /* ImageCache.h */,
				7AE8C7511B9473560091CE4C /* ImageCache.m */,
				7AE8C7521B9473560091CE4C /* JSONRequest.h */,
				7AE8C7531B9473560091CE4C /* JSONRequest.m */,
			);
			path = NetworkHandler;
			sourceTree = "<group>";
		};
		7AE8C7581B9473950091CE4C /* User */ = {
			isa = PBXGroup;
			children = (
				7AE8C75F1B9473950091CE4C /* ADUserInfoViewController.h */,
				7AE8C7601B9473950091CE4C /* ADUserInfoViewController.m */,
				7AE8C75B1B9473950091CE4C /* ADHistoryViewController.h */,
				7AE8C75C1B9473950091CE4C /* ADHistoryViewController.m */,
				7AE8C7591B9473950091CE4C /* ADAboutViewController.h */,
				7AE8C75A1B9473950091CE4C /* ADAboutViewController.m */,
				7AE8C75D1B9473950091CE4C /* ADShareViewController.h */,
				7AE8C75E1B9473950091CE4C /* ADShareViewController.m */,
			);
			path = User;
			sourceTree = "<group>";
		};
		7AE8C7651B9473C70091CE4C /* Login */ = {
			isa = PBXGroup;
			children = (
				7AE8C7681B9473C70091CE4C /* WXLoginViewController.h */,
				7AE8C7691B9473C70091CE4C /* WXLoginViewController.m */,
				7AE8C7661B9473C70091CE4C /* ADLoginViewController.h */,
				7AE8C7671B9473C70091CE4C /* ADLoginViewController.m */,
			);
			path = Login;
			sourceTree = "<group>";
		};
		7AE8C76C1B9473D30091CE4C /* Register */ = {
			isa = PBXGroup;
			children = (
				7AE8C76D1B9473D30091CE4C /* ADRegisterViewController.h */,
				7AE8C76E1B9473D30091CE4C /* ADRegisterViewController.m */,
			);
			path = Register;
			sourceTree = "<group>";
		};
/* End PBXGroup section */

/* Begin PBXNativeTarget section */
		73BED5E61B3AA48600CA4C4D /* wechatauthdemo */ = {
			isa = PBXNativeTarget;
			buildConfigurationList = 73BED60A1B3AA48600CA4C4D /* Build configuration list for PBXNativeTarget "wechatauthdemo" */;
			buildPhases = (
				73BED5E31B3AA48600CA4C4D /* Sources */,
				73BED5E41B3AA48600CA4C4D /* Frameworks */,
				73BED5E51B3AA48600CA4C4D /* Resources */,
			);
			buildRules = (
			);
			dependencies = (
			);
			name = wechatauthdemo;
			productName = wechatauthdemo;
			productReference = 73BED5E71B3AA48600CA4C4D /* wechatauthdemo.app */;
			productType = "com.apple.product-type.application";
		};
/* End PBXNativeTarget section */

/* Begin PBXProject section */
		73BED5DF1B3AA48600CA4C4D /* Project object */ = {
			isa = PBXProject;
			attributes = {
				LastUpgradeCheck = 0640;
				ORGANIZATIONNAME = boshao;
				TargetAttributes = {
					73BED5E61B3AA48600CA4C4D = {
						CreatedOnToolsVersion = 6.3.2;
						DevelopmentTeam = 8P7343TG54;
					};
				};
			};
			buildConfigurationList = 73BED5E21B3AA48600CA4C4D /* Build configuration list for PBXProject "wechatauthdemo" */;
			compatibilityVersion = "Xcode 3.2";
			developmentRegion = English;
			hasScannedForEncodings = 0;
			knownRegions = (
				en,
				Base,
			);
			mainGroup = 73BED5DE1B3AA48600CA4C4D;
			productRefGroup = 73BED5E81B3AA48600CA4C4D /* Products */;
			projectDirPath = "";
			projectRoot = "";
			targets = (
				73BED5E61B3AA48600CA4C4D /* wechatauthdemo */,
			);
		};
/* End PBXProject section */

/* Begin PBXResourcesBuildPhase section */
		73BED5E51B3AA48600CA4C4D /* Resources */ = {
			isa = PBXResourcesBuildPhase;
			buildActionMask = 2147483647;
			files = (
				7AE8155E1BA1B7AB00B5C7C8 /* rsa_public.key in Resources */,
				7AA1635D1B85D49700E54AAC /* InputWithTextFieldCell.xib in Resources */,
				7A89F6AF1B8B206F0007ACA7 /* UserInfoHeaderView.xib in Resources */,
				7355607A1B45202D00B3EE93 /* Localizable.strings in Resources */,
				7AD826651B81FDF9008CA90C /* Images.xcassets in Resources */,
				7AA163621B85DA9A00E54AAC /* UserInfoDisplayCell.xib in Resources */,
				7A89F6AA1B8B1CBF0007ACA7 /* InputWithPickerBar.xib in Resources */,
				7AD6CE661B8DA1E4001EFB40 /* RegisterHeaderView.xib in Resources */,
				7A00ADC21B8333650013A0B2 /* Default-568h@2x.png in Resources */,
			);
			runOnlyForDeploymentPostprocessing = 0;
		};
/* End PBXResourcesBuildPhase section */

/* Begin PBXSourcesBuildPhase section */
		73BED5E31B3AA48600CA4C4D /* Sources */ = {
			isa = PBXSourcesBuildPhase;
			buildActionMask = 2147483647;
			files = (
				7AA163481B85A90E00E54AAC /* ADNetworkConfigManager.m in Sources */,
				7AE8C76B1B9473C70091CE4C /* WXLoginViewController.m in Sources */,
				7AD826A11B8200BD008CA90C /* ADLoginResp.m in Sources */,
				7AD8269A1B8200BD008CA90C /* ADAccessLog.m in Sources */,
				7AD6CE641B8DA1BA001EFB40 /* RegisterHeaderView.m in Sources */,
				7AD826611B81FDF9008CA90C /* ADNetworkEngine.m in Sources */,
				7AE8C7551B9473560091CE4C /* ErrorTitle.m in Sources */,
				7AE8C7571B9473560091CE4C /* JSONRequest.m in Sources */,
				7AE8C7621B9473950091CE4C /* ADHistoryViewController.m in Sources */,
				7AD8269E1B8200BD008CA90C /* ADCheckLoginResp.m in Sources */,
				7AA1634B1B85AAD200E54AAC /* ADNetworkConfigItem.m in Sources */,
				7AE8C7631B9473950091CE4C /* ADShareViewController.m in Sources */,
				7AE8C7541B9473560091CE4C /* ErrorHandler.m in Sources */,
				7AD826B01B820107008CA90C /* MD5.m in Sources */,
				7AD826A41B8200BD008CA90C /* ADWXLoginResp.m in Sources */,
				7A00ADC71B8353940013A0B2 /* RandomKey.m in Sources */,
				7AD826A31B8200BD008CA90C /* ADWXBindAPPResp.m in Sources */,
				7AD826631B81FDF9008CA90C /* AppDelegate.m in Sources */,
				7AD826A21B8200BD008CA90C /* ADRegisterResp.m in Sources */,
				7A89F6A81B8B1CAC0007ACA7 /* InputWithPickerBar.m in Sources */,
				7AD826691B81FDF9008CA90C /* EmailFormatValidate.m in Sources */,
				7A0923881BA19FA00099A904 /* AlertTitleFont.m in Sources */,
				7AD826AF1B820107008CA90C /* AES.m in Sources */,
				7AA163611B85DA9A00E54AAC /* UserInfoDisplayCell.m in Sources */,
				7AE8C76F1B9473D30091CE4C /* ADRegisterViewController.m in Sources */,
				7AE8C7561B9473560091CE4C /* ImageCache.m in Sources */,
				7AE8C76A1B9473C70091CE4C /* ADLoginViewController.m in Sources */,
				7AD8269D1B8200BD008CA90C /* ADAPPBindWXResp.m in Sources */,
				7AA1635C1B85D49700E54AAC /* InputWithTextFieldCell.m in Sources */,
				7A89F6B21B8B20BF0007ACA7 /* UserInfoHeaderView.m in Sources */,
				7A89F6731B8AC0E00007ACA7 /* ButtonColor.m in Sources */,
				7AD8269B1B8200BD008CA90C /* ADBaseResp.m in Sources */,
				7AE8C7641B9473950091CE4C /* ADUserInfoViewController.m in Sources */,
				7AE8C7611B9473950091CE4C /* ADAboutViewController.m in Sources */,
				7AD826621B81FDF9008CA90C /* WXApiManager.m in Sources */,
				7AD826B11B820107008CA90C /* RSA.m in Sources */,
				7AD826671B81FDF9008CA90C /* main.m in Sources */,
				7AD8269F1B8200BD008CA90C /* ADConnectResp.m in Sources */,
				7A58F3581B8B40BB00F3E241 /* ADGetUserInfoResp.m in Sources */,
				7A3FFB431B82E0DB0009EE71 /* ADUserInfo.m in Sources */,
			);
			runOnlyForDeploymentPostprocessing = 0;
		};
/* End PBXSourcesBuildPhase section */

/* Begin XCBuildConfiguration section */
		73BED6081B3AA48600CA4C4D /* Debug */ = {
			isa = XCBuildConfiguration;
			buildSettings = {
				ALWAYS_SEARCH_USER_PATHS = NO;
				CLANG_CXX_LANGUAGE_STANDARD = "gnu++0x";
				CLANG_CXX_LIBRARY = "libc++";
				CLANG_ENABLE_MODULES = YES;
				CLANG_ENABLE_OBJC_ARC = YES;
				CLANG_WARN_BOOL_CONVERSION = YES;
				CLANG_WARN_CONSTANT_CONVERSION = YES;
				CLANG_WARN_DIRECT_OBJC_ISA_USAGE = YES_ERROR;
				CLANG_WARN_EMPTY_BODY = YES;
				CLANG_WARN_ENUM_CONVERSION = YES;
				CLANG_WARN_INT_CONVERSION = YES;
				CLANG_WARN_OBJC_ROOT_CLASS = YES_ERROR;
				CLANG_WARN_UNREACHABLE_CODE = YES;
				CLANG_WARN__DUPLICATE_METHOD_MATCH = YES;
				"CODE_SIGN_IDENTITY[sdk=iphoneos*]" = "iPhone Developer";
				COPY_PHASE_STRIP = NO;
				DEBUG_INFORMATION_FORMAT = "dwarf-with-dsym";
				ENABLE_STRICT_OBJC_MSGSEND = YES;
				GCC_C_LANGUAGE_STANDARD = gnu99;
				GCC_DYNAMIC_NO_PIC = NO;
				GCC_NO_COMMON_BLOCKS = YES;
				GCC_OPTIMIZATION_LEVEL = 0;
				GCC_PREPROCESSOR_DEFINITIONS = (
					"DEBUG=1",
					"$(inherited)",
				);
				GCC_SYMBOLS_PRIVATE_EXTERN = NO;
				GCC_WARN_64_TO_32_BIT_CONVERSION = YES;
				GCC_WARN_ABOUT_RETURN_TYPE = YES_ERROR;
				GCC_WARN_UNDECLARED_SELECTOR = YES;
				GCC_WARN_UNINITIALIZED_AUTOS = YES_AGGRESSIVE;
				GCC_WARN_UNUSED_FUNCTION = YES;
				GCC_WARN_UNUSED_VARIABLE = YES;
				IPHONEOS_DEPLOYMENT_TARGET = 7.0;
				MTL_ENABLE_DEBUG_INFO = YES;
				ONLY_ACTIVE_ARCH = YES;
				SDKROOT = iphoneos;
				VALID_ARCHS = "arm64 armv7 armv7s";
			};
			name = Debug;
		};
		73BED6091B3AA48600CA4C4D /* Release */ = {
			isa = XCBuildConfiguration;
			buildSettings = {
				ALWAYS_SEARCH_USER_PATHS = NO;
				CLANG_CXX_LANGUAGE_STANDARD = "gnu++0x";
				CLANG_CXX_LIBRARY = "libc++";
				CLANG_ENABLE_MODULES = YES;
				CLANG_ENABLE_OBJC_ARC = YES;
				CLANG_WARN_BOOL_CONVERSION = YES;
				CLANG_WARN_CONSTANT_CONVERSION = YES;
				CLANG_WARN_DIRECT_OBJC_ISA_USAGE = YES_ERROR;
				CLANG_WARN_EMPTY_BODY = YES;
				CLANG_WARN_ENUM_CONVERSION = YES;
				CLANG_WARN_INT_CONVERSION = YES;
				CLANG_WARN_OBJC_ROOT_CLASS = YES_ERROR;
				CLANG_WARN_UNREACHABLE_CODE = YES;
				CLANG_WARN__DUPLICATE_METHOD_MATCH = YES;
				"CODE_SIGN_IDENTITY[sdk=iphoneos*]" = "iPhone Developer";
				COPY_PHASE_STRIP = NO;
				DEBUG_INFORMATION_FORMAT = "dwarf-with-dsym";
				ENABLE_NS_ASSERTIONS = NO;
				ENABLE_STRICT_OBJC_MSGSEND = YES;
				GCC_C_LANGUAGE_STANDARD = gnu99;
				GCC_NO_COMMON_BLOCKS = YES;
				GCC_WARN_64_TO_32_BIT_CONVERSION = YES;
				GCC_WARN_ABOUT_RETURN_TYPE = YES_ERROR;
				GCC_WARN_UNDECLARED_SELECTOR = YES;
				GCC_WARN_UNINITIALIZED_AUTOS = YES_AGGRESSIVE;
				GCC_WARN_UNUSED_FUNCTION = YES;
				GCC_WARN_UNUSED_VARIABLE = YES;
				IPHONEOS_DEPLOYMENT_TARGET = 7.0;
				MTL_ENABLE_DEBUG_INFO = NO;
				ONLY_ACTIVE_ARCH = YES;
				SDKROOT = iphoneos;
				VALIDATE_PRODUCT = YES;
				VALID_ARCHS = "arm64 armv7 armv7s";
			};
			name = Release;
		};
		73BED60B1B3AA48600CA4C4D /* Debug */ = {
			isa = XCBuildConfiguration;
			buildSettings = {
				ASSETCATALOG_COMPILER_APPICON_NAME = AppIcon;
				CLANG_ENABLE_OBJC_ARC = YES;
				CODE_SIGN_IDENTITY = "iPhone Developer";
				"CODE_SIGN_IDENTITY[sdk=iphoneos*]" = "iPhone Developer";
				GCC_PREFIX_HEADER = "$(PROJECT_DIR)/Util/Definition/Definition.h";
				HEADER_SEARCH_PATHS = (
					"$(inherited)",
					/Applications/Xcode.app/Contents/Developer/Toolchains/XcodeDefault.xctoolchain/usr/include,
					"$(PROJECT_DIR)/WeChatSDK",
				);
				INFOPLIST_FILE = "$(SRCROOT)/Supporting Files/Info.plist";
				IPHONEOS_DEPLOYMENT_TARGET = 7.0;
				LD_RUNPATH_SEARCH_PATHS = "$(inherited) @executable_path/Frameworks";
				LIBRARY_SEARCH_PATHS = (
					"$(inherited)",
					"$(PROJECT_DIR)",
					"$(PROJECT_DIR)/WeChatSDK",
				);
				PRODUCT_NAME = "$(TARGET_NAME)";
				PROVISIONING_PROFILE = "";
				VALID_ARCHS = "armv7 arm64 armv7s";
			};
			name = Debug;
		};
		73BED60C1B3AA48600CA4C4D /* Release */ = {
			isa = XCBuildConfiguration;
			buildSettings = {
				ASSETCATALOG_COMPILER_APPICON_NAME = AppIcon;
				CLANG_ENABLE_OBJC_ARC = YES;
				CODE_SIGN_IDENTITY = "iPhone Developer";
				"CODE_SIGN_IDENTITY[sdk=iphoneos*]" = "iPhone Developer";
				GCC_PREFIX_HEADER = "$(PROJECT_DIR)/Util/Definition/Definition.h";
				HEADER_SEARCH_PATHS = (
					"$(inherited)",
					/Applications/Xcode.app/Contents/Developer/Toolchains/XcodeDefault.xctoolchain/usr/include,
					"$(PROJECT_DIR)/WeChatSDK",
				);
				INFOPLIST_FILE = "$(SRCROOT)/Supporting Files/Info.plist";
				IPHONEOS_DEPLOYMENT_TARGET = 7.0;
				LD_RUNPATH_SEARCH_PATHS = "$(inherited) @executable_path/Frameworks";
				LIBRARY_SEARCH_PATHS = (
					"$(inherited)",
					"$(PROJECT_DIR)",
					"$(PROJECT_DIR)/WeChatSDK",
				);
				PRODUCT_NAME = "$(TARGET_NAME)";
				PROVISIONING_PROFILE = "";
				VALID_ARCHS = "armv7 arm64 armv7s";
			};
			name = Release;
		};
/* End XCBuildConfiguration section */

/* Begin XCConfigurationList section */
		73BED5E21B3AA48600CA4C4D /* Build configuration list for PBXProject "wechatauthdemo" */ = {
			isa = XCConfigurationList;
			buildConfigurations = (
				73BED6081B3AA48600CA4C4D /* Debug */,
				73BED6091B3AA48600CA4C4D /* Release */,
			);
			defaultConfigurationIsVisible = 0;
			defaultConfigurationName = Release;
		};
		73BED60A1B3AA48600CA4C4D /* Build configuration list for PBXNativeTarget "wechatauthdemo" */ = {
			isa = XCConfigurationList;
			buildConfigurations = (
				73BED60B1B3AA48600CA4C4D /* Debug */,
				73BED60C1B3AA48600CA4C4D /* Release */,
			);
			defaultConfigurationIsVisible = 0;
			defaultConfigurationName = Release;
		};
/* End XCConfigurationList section */
	};
	rootObject = 73BED5DF1B3AA48600CA4C4D /* Project object */;
}
